// !$*UTF8*$!
{
	archiveVersion = 1;
	classes = {
	};
	objectVersion = 60;
	objects = {

/* Begin PBXBuildFile section */
		9A30EC6A2EF8BD72004FC815 /* AnalyticsInterface in Frameworks */ = {isa = PBXBuildFile; productRef = 9A30EC692EF8BD72004FC815 /* AnalyticsInterface */; };
		9A30EC6C2EF8BD76004FC815 /* Container in Frameworks */ = {isa = PBXBuildFile; productRef = 9A30EC6B2EF8BD76004FC815 /* Container */; };
		9A30EC7E2EF937AA004FC815 /* AppDependencyConfigurer.swift in Sources */ = {isa = PBXBuildFile; fileRef = 9A30EC7D2EF937AA004FC815 /* AppDependencyConfigurer.swift */; };
		9A30EC8B2EFA5408004FC815 /* Analytics in Frameworks */ = {isa = PBXBuildFile; productRef = 9A30EC8A2EFA5408004FC815 /* Analytics */; };
		9A30EC9C2EFADD73004FC815 /* CommonModels in Frameworks */ = {isa = PBXBuildFile; productRef = 9A30EC9B2EFADD73004FC815 /* CommonModels */; };
		9A30ECA92EFAE2F9004FC815 /* Utilities in Frameworks */ = {isa = PBXBuildFile; productRef = 9A30ECA82EFAE2F9004FC815 /* Utilities */; };
		9A3F4A4C2EFC2AE80014A065 /* ArtistDetail in Frameworks */ = {isa = PBXBuildFile; productRef = 9A3F4A4B2EFC2AE80014A065 /* ArtistDetail */; };
		9A86C0DB2EFC308F00C5634F /* ArtistDetailPluginAPI in Frameworks */ = {isa = PBXBuildFile; productRef = 9A86C0DA2EFC308F00C5634F /* ArtistDetailPluginAPI */; };
		9A86C0E22F00DB1000C5634F /* SongDetailInterface in Frameworks */ = {isa = PBXBuildFile; productRef = 9A86C0E12F00DB1000C5634F /* SongDetailInterface */; };
		9A86C0E52F00DCCB00C5634F /* SongDetails in Frameworks */ = {isa = PBXBuildFile; productRef = 9A86C0E42F00DCCB00C5634F /* SongDetails */; };
		9A86C0EA2F01477300C5634F /* Home in Frameworks */ = {isa = PBXBuildFile; productRef = 9A86C0E92F01477300C5634F /* Home */; };
		FBA9D05F2B7B936A00FDF616 /* AppDelegate.swift in Sources */ = {isa = PBXBuildFile; fileRef = FBA9D05E2B7B936A00FDF616 /* AppDelegate.swift */; };
		FBA9D0612B7B936A00FDF616 /* SceneDelegate.swift in Sources */ = {isa = PBXBuildFile; fileRef = FBA9D0602B7B936A00FDF616 /* SceneDelegate.swift */; };
		FBA9D0682B7B936E00FDF616 /* Assets.xcassets in Resources */ = {isa = PBXBuildFile; fileRef = FBA9D0672B7B936E00FDF616 /* Assets.xcassets */; };
		FBA9D06B2B7B936E00FDF616 /* LaunchScreen.storyboard in Resources */ = {isa = PBXBuildFile; fileRef = FBA9D0692B7B936E00FDF616 /* LaunchScreen.storyboard */; };
		FBA9D0752B7B94D400FDF616 /* RootCoordinator.swift in Sources */ = {isa = PBXBuildFile; fileRef = FBA9D0742B7B94D400FDF616 /* RootCoordinator.swift */; };
		FBA9D0772B7B94F000FDF616 /* RootTabBarController.swift in Sources */ = {isa = PBXBuildFile; fileRef = FBA9D0762B7B94F000FDF616 /* RootTabBarController.swift */; };
		FBA9D0982B7CD20A00FDF616 /* Localizable.strings in Resources */ = {isa = PBXBuildFile; fileRef = FBA9D09A2B7CD20A00FDF616 /* Localizable.strings */; };
/* End PBXBuildFile section */

/* Begin PBXFileReference section */
		9A30EC5C2EF72C56004FC815 /* Container */ = {isa = PBXFileReference; lastKnownFileType = wrapper; path = Container; sourceTree = "<group>"; };
		9A30EC672EF8BCEC004FC815 /* AnalyticsInterface */ = {isa = PBXFileReference; lastKnownFileType = wrapper; path = AnalyticsInterface; sourceTree = "<group>"; };
		9A30EC7D2EF937AA004FC815 /* AppDependencyConfigurer.swift */ = {isa = PBXFileReference; lastKnownFileType = sourcecode.swift; path = AppDependencyConfigurer.swift; sourceTree = "<group>"; };
		9A30EC892EFA4BE9004FC815 /* Analytics */ = {isa = PBXFileReference; lastKnownFileType = wrapper; path = Analytics; sourceTree = "<group>"; };
		9A30EC9A2EFADD4B004FC815 /* CommonModels */ = {isa = PBXFileReference; lastKnownFileType = wrapper; path = CommonModels; sourceTree = "<group>"; };
		9A30ECA72EFAE2CE004FC815 /* Utilities */ = {isa = PBXFileReference; lastKnownFileType = wrapper; path = Utilities; sourceTree = "<group>"; };
		9A30ECB62EFC2835004FC815 /* ArtistDetail */ = {isa = PBXFileReference; lastKnownFileType = wrapper; path = ArtistDetail; sourceTree = "<group>"; };
		9A86C0D92EFC305E00C5634F /* ArtistDetailPluginAPI */ = {isa = PBXFileReference; lastKnownFileType = wrapper; name = ArtistDetailPluginAPI; path = Packages/Modules/ArtistDetailPluginAPI; sourceTree = SOURCE_ROOT; };
		9A86C0E02F00D9BE00C5634F /* SongDetailInterface */ = {isa = PBXFileReference; lastKnownFileType = wrapper; path = SongDetailInterface; sourceTree = "<group>"; };
		9A86C0E32F00DB7400C5634F /* SongDetails */ = {isa = PBXFileReference; lastKnownFileType = wrapper; path = SongDetails; sourceTree = "<group>"; };
		9A86C0E72F01119200C5634F /* Home */ = {isa = PBXFileReference; lastKnownFileType = wrapper; path = Home; sourceTree = "<group>"; };
		FBA9D05B2B7B936A00FDF616 /* ModularisationStarter.app */ = {isa = PBXFileReference; explicitFileType = wrapper.application; includeInIndex = 0; path = ModularisationStarter.app; sourceTree = BUILT_PRODUCTS_DIR; };
		FBA9D05E2B7B936A00FDF616 /* AppDelegate.swift */ = {isa = PBXFileReference; lastKnownFileType = sourcecode.swift; path = AppDelegate.swift; sourceTree = "<group>"; };
		FBA9D0602B7B936A00FDF616 /* SceneDelegate.swift */ = {isa = PBXFileReference; lastKnownFileType = sourcecode.swift; path = SceneDelegate.swift; sourceTree = "<group>"; };
		FBA9D0672B7B936E00FDF616 /* Assets.xcassets */ = {isa = PBXFileReference; lastKnownFileType = folder.assetcatalog; path = Assets.xcassets; sourceTree = "<group>"; };
		FBA9D06A2B7B936E00FDF616 /* Base */ = {isa = PBXFileReference; lastKnownFileType = file.storyboard; name = Base; path = Base.lproj/LaunchScreen.storyboard; sourceTree = "<group>"; };
		FBA9D06C2B7B936E00FDF616 /* Info.plist */ = {isa = PBXFileReference; lastKnownFileType = text.plist.xml; path = Info.plist; sourceTree = "<group>"; };
		FBA9D0742B7B94D400FDF616 /* RootCoordinator.swift */ = {isa = PBXFileReference; lastKnownFileType = sourcecode.swift; path = RootCoordinator.swift; sourceTree = "<group>"; };
		FBA9D0762B7B94F000FDF616 /* RootTabBarController.swift */ = {isa = PBXFileReference; lastKnownFileType = sourcecode.swift; path = RootTabBarController.swift; sourceTree = "<group>"; };
		FBA9D0992B7CD20A00FDF616 /* en */ = {isa = PBXFileReference; lastKnownFileType = text.plist.strings; name = en; path = en.lproj/Localizable.strings; sourceTree = "<group>"; };
		FBA9D09B2B7CD21300FDF616 /* tr */ = {isa = PBXFileReference; lastKnownFileType = text.plist.strings; name = tr; path = tr.lproj/Localizable.strings; sourceTree = "<group>"; };
		FBE2717F2B8F46E400652C5C /* ModularisationStarter.xctestplan */ = {isa = PBXFileReference; lastKnownFileType = text; path = ModularisationStarter.xctestplan; sourceTree = "<group>"; };
/* End PBXFileReference section */

/* Begin PBXFrameworksBuildPhase section */
		FBA9D0582B7B936A00FDF616 /* Frameworks */ = {
			isa = PBXFrameworksBuildPhase;
			buildActionMask = 2147483647;
			files = (
				9A86C0E22F00DB1000C5634F /* SongDetailInterface in Frameworks */,
				9A30EC6A2EF8BD72004FC815 /* AnalyticsInterface in Frameworks */,
				9A30EC6C2EF8BD76004FC815 /* Container in Frameworks */,
				9A86C0EA2F01477300C5634F /* Home in Frameworks */,
				9A30EC8B2EFA5408004FC815 /* Analytics in Frameworks */,
				9A30EC9C2EFADD73004FC815 /* CommonModels in Frameworks */,
				9A3F4A4C2EFC2AE80014A065 /* ArtistDetail in Frameworks */,
				9A30ECA92EFAE2F9004FC815 /* Utilities in Frameworks */,
				9A86C0E52F00DCCB00C5634F /* SongDetails in Frameworks */,
				9A86C0DB2EFC308F00C5634F /* ArtistDetailPluginAPI in Frameworks */,
			);
			runOnlyForDeploymentPostprocessing = 0;
		};
/* End PBXFrameworksBuildPhase section */

/* Begin PBXGroup section */
		9A30EC5A2EF722F7004FC815 /* Packages */ = {
			isa = PBXGroup;
			children = (
				9A30ECB42EFB8E1B004FC815 /* Modules */,
				9A30ECA72EFAE2CE004FC815 /* Utilities */,
				9A30EC9A2EFADD4B004FC815 /* CommonModels */,
				9A30EC662EF8B6C3004FC815 /* Analytics */,
				9A30EC5C2EF72C56004FC815 /* Container */,
			);
			path = Packages;
			sourceTree = "<group>";
		};
		9A30EC662EF8B6C3004FC815 /* Analytics */ = {
			isa = PBXGroup;
			children = (
				9A30EC892EFA4BE9004FC815 /* Analytics */,
				9A30EC672EF8BCEC004FC815 /* AnalyticsInterface */,
			);
			path = Analytics;
			sourceTree = "<group>";
		};
		9A30EC682EF8BD72004FC815 /* Frameworks */ = {
			isa = PBXGroup;
			children = (
			);
			name = Frameworks;
			sourceTree = "<group>";
		};
		9A30ECB42EFB8E1B004FC815 /* Modules */ = {
			isa = PBXGroup;
			children = (
				9A86C0E62F01117600C5634F /* Home */,
				9A30ECB52EFB8E2E004FC815 /* ArtistDetail */,
				9A86C0DF2F00D96100C5634F /* SongDetail */,
			);
			path = Modules;
			sourceTree = "<group>";
		};
		9A30ECB52EFB8E2E004FC815 /* ArtistDetail */ = {
			isa = PBXGroup;
			children = (
				9A86C0D92EFC305E00C5634F /* ArtistDetailPluginAPI */,
				9A30ECB62EFC2835004FC815 /* ArtistDetail */,
			);
			path = ArtistDetail;
			sourceTree = "<group>";
		};
		9A86C0DF2F00D96100C5634F /* SongDetail */ = {
			isa = PBXGroup;
			children = (
				9A86C0E32F00DB7400C5634F /* SongDetails */,
				9A86C0E02F00D9BE00C5634F /* SongDetailInterface */,
			);
			path = SongDetail;
			sourceTree = "<group>";
		};
		9A86C0E62F01117600C5634F /* Home */ = {
			isa = PBXGroup;
			children = (
				9A86C0E72F01119200C5634F /* Home */,
			);
			path = Home;
			sourceTree = "<group>";
		};
		FBA9D0522B7B936A00FDF616 = {
			isa = PBXGroup;
			children = (
				FBE2717F2B8F46E400652C5C /* ModularisationStarter.xctestplan */,
				9A30EC5A2EF722F7004FC815 /* Packages */,
				FBA9D05D2B7B936A00FDF616 /* ModularisationStarter */,
				FBA9D05C2B7B936A00FDF616 /* Products */,
				9A30EC682EF8BD72004FC815 /* Frameworks */,
			);
			sourceTree = "<group>";
		};
		FBA9D05C2B7B936A00FDF616 /* Products */ = {
			isa = PBXGroup;
			children = (
				FBA9D05B2B7B936A00FDF616 /* ModularisationStarter.app */,
			);
			name = Products;
			sourceTree = "<group>";
		};
		FBA9D05D2B7B936A00FDF616 /* ModularisationStarter */ = {
			isa = PBXGroup;
			children = (
				9A30EC7D2EF937AA004FC815 /* AppDependencyConfigurer.swift */,
				FBA9D0952B7CD1D400FDF616 /* Localisation */,
				FBA9D0722B7B94BC00FDF616 /* Modules */,
				FBA9D05E2B7B936A00FDF616 /* AppDelegate.swift */,
				FBA9D0602B7B936A00FDF616 /* SceneDelegate.swift */,
				FBA9D0672B7B936E00FDF616 /* Assets.xcassets */,
				FBA9D0692B7B936E00FDF616 /* LaunchScreen.storyboard */,
				FBA9D06C2B7B936E00FDF616 /* Info.plist */,
			);
			path = ModularisationStarter;
			sourceTree = "<group>";
		};
		FBA9D0722B7B94BC00FDF616 /* Modules */ = {
			isa = PBXGroup;
			children = (
				FBA9D0732B7B94C100FDF616 /* Root */,
			);
			path = Modules;
			sourceTree = "<group>";
		};
		FBA9D0732B7B94C100FDF616 /* Root */ = {
			isa = PBXGroup;
			children = (
				FBA9D0742B7B94D400FDF616 /* RootCoordinator.swift */,
				FBA9D0762B7B94F000FDF616 /* RootTabBarController.swift */,
			);
			path = Root;
			sourceTree = "<group>";
		};
		FBA9D0952B7CD1D400FDF616 /* Localisation */ = {
			isa = PBXGroup;
			children = (
				FBA9D09A2B7CD20A00FDF616 /* Localizable.strings */,
			);
			path = Localisation;
			sourceTree = "<group>";
		};
/* End PBXGroup section */

/* Begin PBXNativeTarget section */
		FBA9D05A2B7B936A00FDF616 /* ModularisationStarter */ = {
			isa = PBXNativeTarget;
			buildConfigurationList = FBA9D06F2B7B936E00FDF616 /* Build configuration list for PBXNativeTarget "ModularisationStarter" */;
			buildPhases = (
				FBA9D0572B7B936A00FDF616 /* Sources */,
				FBA9D0582B7B936A00FDF616 /* Frameworks */,
				FBA9D0592B7B936A00FDF616 /* Resources */,
			);
			buildRules = (
			);
			dependencies = (
			);
			name = ModularisationStarter;
			packageProductDependencies = (
				9A30EC692EF8BD72004FC815 /* AnalyticsInterface */,
				9A30EC6B2EF8BD76004FC815 /* Container */,
				9A30EC8A2EFA5408004FC815 /* Analytics */,
				9A30EC9B2EFADD73004FC815 /* CommonModels */,
				9A30ECA82EFAE2F9004FC815 /* Utilities */,
				9A3F4A4B2EFC2AE80014A065 /* ArtistDetail */,
				9A86C0DA2EFC308F00C5634F /* ArtistDetailPluginAPI */,
				9A86C0E12F00DB1000C5634F /* SongDetailInterface */,
				9A86C0E42F00DCCB00C5634F /* SongDetails */,
				9A86C0E92F01477300C5634F /* Home */,
			);
			productName = ModularisationStarter;
			productReference = FBA9D05B2B7B936A00FDF616 /* ModularisationStarter.app */;
			productType = "com.apple.product-type.application";
		};
/* End PBXNativeTarget section */

/* Begin PBXProject section */
		FBA9D0532B7B936A00FDF616 /* Project object */ = {
			isa = PBXProject;
			attributes = {
				BuildIndependentTargetsInParallel = 1;
				LastSwiftUpdateCheck = 1510;
				LastUpgradeCheck = 1510;
				TargetAttributes = {
					FBA9D05A2B7B936A00FDF616 = {
						CreatedOnToolsVersion = 15.1;
					};
				};
			};
			buildConfigurationList = FBA9D0562B7B936A00FDF616 /* Build configuration list for PBXProject "ModularisationStarter" */;
			compatibilityVersion = "Xcode 14.0";
			developmentRegion = en;
			hasScannedForEncodings = 0;
			knownRegions = (
				en,
				Base,
				tr,
			);
			mainGroup = FBA9D0522B7B936A00FDF616;
			packageReferences = (
				9A30EC6D2EF8BD7A004FC815 /* XCLocalSwiftPackageReference "Packages/Analytics/AnalyticsInterface" */,
				9A30EC6E2EF8BD7E004FC815 /* XCLocalSwiftPackageReference "Packages/Container" */,
				9A30EC8C2EFA540C004FC815 /* XCLocalSwiftPackageReference "Packages/Analytics/Analytics" */,
				9A30EC9D2EFADD77004FC815 /* XCLocalSwiftPackageReference "Packages/CommonModels" */,
				9A30ECAA2EFAE2FD004FC815 /* XCLocalSwiftPackageReference "Packages/Utilities" */,
				9A30ECBA2EFC2883004FC815 /* XCLocalSwiftPackageReference "Packages/Modules/ArtistDetail/ArtistDetail" */,
				9A3F4A4D2EFC2B2E0014A065 /* XCLocalSwiftPackageReference "Packages/Modules/ArtistDetailPluginAPI" */,
			);
			productRefGroup = FBA9D05C2B7B936A00FDF616 /* Products */;
			projectDirPath = "";
			projectRoot = "";
			targets = (
				FBA9D05A2B7B936A00FDF616 /* ModularisationStarter */,
			);
		};
/* End PBXProject section */

/* Begin PBXResourcesBuildPhase section */
		FBA9D0592B7B936A00FDF616 /* Resources */ = {
			isa = PBXResourcesBuildPhase;
			buildActionMask = 2147483647;
			files = (
				FBA9D06B2B7B936E00FDF616 /* LaunchScreen.storyboard in Resources */,
				FBA9D0982B7CD20A00FDF616 /* Localizable.strings in Resources */,
				FBA9D0682B7B936E00FDF616 /* Assets.xcassets in Resources */,
			);
			runOnlyForDeploymentPostprocessing = 0;
		};
/* End PBXResourcesBuildPhase section */

/* Begin PBXSourcesBuildPhase section */
		FBA9D0572B7B936A00FDF616 /* Sources */ = {
			isa = PBXSourcesBuildPhase;
			buildActionMask = 2147483647;
			files = (
				FBA9D0752B7B94D400FDF616 /* RootCoordinator.swift in Sources */,
				FBA9D05F2B7B936A00FDF616 /* AppDelegate.swift in Sources */,
				FBA9D0612B7B936A00FDF616 /* SceneDelegate.swift in Sources */,
				9A30EC7E2EF937AA004FC815 /* AppDependencyConfigurer.swift in Sources */,
				FBA9D0772B7B94F000FDF616 /* RootTabBarController.swift in Sources */,
			);
			runOnlyForDeploymentPostprocessing = 0;
		};
/* End PBXSourcesBuildPhase section */

/* Begin PBXVariantGroup section */
		FBA9D0692B7B936E00FDF616 /* LaunchScreen.storyboard */ = {
			isa = PBXVariantGroup;
			children = (
				FBA9D06A2B7B936E00FDF616 /* Base */,
			);
			name = LaunchScreen.storyboard;
			sourceTree = "<group>";
		};
		FBA9D09A2B7CD20A00FDF616 /* Localizable.strings */ = {
			isa = PBXVariantGroup;
			children = (
				FBA9D0992B7CD20A00FDF616 /* en */,
				FBA9D09B2B7CD21300FDF616 /* tr */,
			);
			name = Localizable.strings;
			sourceTree = "<group>";
		};
/* End PBXVariantGroup section */

/* Begin XCBuildConfiguration section */
		FBA9D06D2B7B936E00FDF616 /* Debug */ = {
			isa = XCBuildConfiguration;
			buildSettings = {
				ALWAYS_SEARCH_USER_PATHS = NO;
				ASSETCATALOG_COMPILER_GENERATE_SWIFT_ASSET_SYMBOL_EXTENSIONS = YES;
				CLANG_ANALYZER_LOCALIZABILITY_NONLOCALIZED = YES;
				CLANG_ANALYZER_NONNULL = YES;
				CLANG_ANALYZER_NUMBER_OBJECT_CONVERSION = YES_AGGRESSIVE;
				CLANG_CXX_LANGUAGE_STANDARD = "gnu++20";
				CLANG_ENABLE_MODULES = YES;
				CLANG_ENABLE_OBJC_ARC = YES;
				CLANG_ENABLE_OBJC_WEAK = YES;
				CLANG_WARN_BLOCK_CAPTURE_AUTORELEASING = YES;
				CLANG_WARN_BOOL_CONVERSION = YES;
				CLANG_WARN_COMMA = YES;
				CLANG_WARN_CONSTANT_CONVERSION = YES;
				CLANG_WARN_DEPRECATED_OBJC_IMPLEMENTATIONS = YES;
				CLANG_WARN_DIRECT_OBJC_ISA_USAGE = YES_ERROR;
				CLANG_WARN_DOCUMENTATION_COMMENTS = YES;
				CLANG_WARN_EMPTY_BODY = YES;
				CLANG_WARN_ENUM_CONVERSION = YES;
				CLANG_WARN_INFINITE_RECURSION = YES;
				CLANG_WARN_INT_CONVERSION = YES;
				CLANG_WARN_NON_LITERAL_NULL_CONVERSION = YES;
				CLANG_WARN_OBJC_IMPLICIT_RETAIN_SELF = YES;
				CLANG_WARN_OBJC_LITERAL_CONVERSION = YES;
				CLANG_WARN_OBJC_ROOT_CLASS = YES_ERROR;
				CLANG_WARN_QUOTED_INCLUDE_IN_FRAMEWORK_HEADER = YES;
				CLANG_WARN_RANGE_LOOP_ANALYSIS = YES;
				CLANG_WARN_STRICT_PROTOTYPES = YES;
				CLANG_WARN_SUSPICIOUS_MOVE = YES;
				CLANG_WARN_UNGUARDED_AVAILABILITY = YES_AGGRESSIVE;
				CLANG_WARN_UNREACHABLE_CODE = YES;
				CLANG_WARN__DUPLICATE_METHOD_MATCH = YES;
				COPY_PHASE_STRIP = NO;
				DEBUG_INFORMATION_FORMAT = dwarf;
				ENABLE_STRICT_OBJC_MSGSEND = YES;
				ENABLE_TESTABILITY = YES;
				ENABLE_USER_SCRIPT_SANDBOXING = YES;
				GCC_C_LANGUAGE_STANDARD = gnu17;
				GCC_DYNAMIC_NO_PIC = NO;
				GCC_NO_COMMON_BLOCKS = YES;
				GCC_OPTIMIZATION_LEVEL = 0;
				GCC_PREPROCESSOR_DEFINITIONS = (
					"DEBUG=1",
					"$(inherited)",
				);
				GCC_WARN_64_TO_32_BIT_CONVERSION = YES;
				GCC_WARN_ABOUT_RETURN_TYPE = YES_ERROR;
				GCC_WARN_UNDECLARED_SELECTOR = YES;
				GCC_WARN_UNINITIALIZED_AUTOS = YES_AGGRESSIVE;
				GCC_WARN_UNUSED_FUNCTION = YES;
				GCC_WARN_UNUSED_VARIABLE = YES;
				IPHONEOS_DEPLOYMENT_TARGET = 15;
				LOCALIZATION_PREFERS_STRING_CATALOGS = YES;
				MTL_ENABLE_DEBUG_INFO = INCLUDE_SOURCE;
				MTL_FAST_MATH = YES;
				ONLY_ACTIVE_ARCH = YES;
				SDKROOT = iphoneos;
				SWIFT_ACTIVE_COMPILATION_CONDITIONS = "DEBUG $(inherited)";
				SWIFT_OPTIMIZATION_LEVEL = "-Onone";
			};
			name = Debug;
		};
		FBA9D06E2B7B936E00FDF616 /* Release */ = {
			isa = XCBuildConfiguration;
			buildSettings = {
				ALWAYS_SEARCH_USER_PATHS = NO;
				ASSETCATALOG_COMPILER_GENERATE_SWIFT_ASSET_SYMBOL_EXTENSIONS = YES;
				CLANG_ANALYZER_LOCALIZABILITY_NONLOCALIZED = YES;
				CLANG_ANALYZER_NONNULL = YES;
				CLANG_ANALYZER_NUMBER_OBJECT_CONVERSION = YES_AGGRESSIVE;
				CLANG_CXX_LANGUAGE_STANDARD = "gnu++20";
				CLANG_ENABLE_MODULES = YES;
				CLANG_ENABLE_OBJC_ARC = YES;
				CLANG_ENABLE_OBJC_WEAK = YES;
				CLANG_WARN_BLOCK_CAPTURE_AUTORELEASING = YES;
				CLANG_WARN_BOOL_CONVERSION = YES;
				CLANG_WARN_COMMA = YES;
				CLANG_WARN_CONSTANT_CONVERSION = YES;
				CLANG_WARN_DEPRECATED_OBJC_IMPLEMENTATIONS = YES;
				CLANG_WARN_DIRECT_OBJC_ISA_USAGE = YES_ERROR;
				CLANG_WARN_DOCUMENTATION_COMMENTS = YES;
				CLANG_WARN_EMPTY_BODY = YES;
				CLANG_WARN_ENUM_CONVERSION = YES;
				CLANG_WARN_INFINITE_RECURSION = YES;
				CLANG_WARN_INT_CONVERSION = YES;
				CLANG_WARN_NON_LITERAL_NULL_CONVERSION = YES;
				CLANG_WARN_OBJC_IMPLICIT_RETAIN_SELF = YES;
				CLANG_WARN_OBJC_LITERAL_CONVERSION = YES;
				CLANG_WARN_OBJC_ROOT_CLASS = YES_ERROR;
				CLANG_WARN_QUOTED_INCLUDE_IN_FRAMEWORK_HEADER = YES;
				CLANG_WARN_RANGE_LOOP_ANALYSIS = YES;
				CLANG_WARN_STRICT_PROTOTYPES = YES;
				CLANG_WARN_SUSPICIOUS_MOVE = YES;
				CLANG_WARN_UNGUARDED_AVAILABILITY = YES_AGGRESSIVE;
				CLANG_WARN_UNREACHABLE_CODE = YES;
				CLANG_WARN__DUPLICATE_METHOD_MATCH = YES;
				COPY_PHASE_STRIP = NO;
				DEBUG_INFORMATION_FORMAT = "dwarf-with-dsym";
				ENABLE_NS_ASSERTIONS = NO;
				ENABLE_STRICT_OBJC_MSGSEND = YES;
				ENABLE_USER_SCRIPT_SANDBOXING = YES;
				GCC_C_LANGUAGE_STANDARD = gnu17;
				GCC_NO_COMMON_BLOCKS = YES;
				GCC_WARN_64_TO_32_BIT_CONVERSION = YES;
				GCC_WARN_ABOUT_RETURN_TYPE = YES_ERROR;
				GCC_WARN_UNDECLARED_SELECTOR = YES;
				GCC_WARN_UNINITIALIZED_AUTOS = YES_AGGRESSIVE;
				GCC_WARN_UNUSED_FUNCTION = YES;
				GCC_WARN_UNUSED_VARIABLE = YES;
				IPHONEOS_DEPLOYMENT_TARGET = 15;
				LOCALIZATION_PREFERS_STRING_CATALOGS = YES;
				MTL_ENABLE_DEBUG_INFO = NO;
				MTL_FAST_MATH = YES;
				SDKROOT = iphoneos;
				SWIFT_COMPILATION_MODE = wholemodule;
				VALIDATE_PRODUCT = YES;
			};
			name = Release;
		};
		FBA9D0702B7B936E00FDF616 /* Debug */ = {
			isa = XCBuildConfiguration;
			buildSettings = {
				ASSETCATALOG_COMPILER_APPICON_NAME = AppIcon;
				ASSETCATALOG_COMPILER_GLOBAL_ACCENT_COLOR_NAME = AccentColor;
				CODE_SIGN_STYLE = Automatic;
				CURRENT_PROJECT_VERSION = 1;
				GENERATE_INFOPLIST_FILE = YES;
				INFOPLIST_FILE = ModularisationStarter/Info.plist;
				INFOPLIST_KEY_UIApplicationSupportsIndirectInputEvents = YES;
				INFOPLIST_KEY_UILaunchStoryboardName = LaunchScreen;
				INFOPLIST_KEY_UISupportedInterfaceOrientations_iPad = "UIInterfaceOrientationPortrait UIInterfaceOrientationPortraitUpsideDown UIInterfaceOrientationLandscapeLeft UIInterfaceOrientationLandscapeRight";
				INFOPLIST_KEY_UISupportedInterfaceOrientations_iPhone = "UIInterfaceOrientationPortrait UIInterfaceOrientationLandscapeLeft UIInterfaceOrientationLandscapeRight";
				IPHONEOS_DEPLOYMENT_TARGET = 15;
				LD_RUNPATH_SEARCH_PATHS = (
					"$(inherited)",
					"@executable_path/Frameworks",
				);
				MARKETING_VERSION = 1.0;
				PRODUCT_BUNDLE_IDENTIFIER = com.pun.ModularisationStarter;
				PRODUCT_NAME = "$(TARGET_NAME)";
				SWIFT_EMIT_LOC_STRINGS = YES;
				SWIFT_VERSION = 5.0;
				TARGETED_DEVICE_FAMILY = "1,2";
			};
			name = Debug;
		};
		FBA9D0712B7B936E00FDF616 /* Release */ = {
			isa = XCBuildConfiguration;
			buildSettings = {
				ASSETCATALOG_COMPILER_APPICON_NAME = AppIcon;
				ASSETCATALOG_COMPILER_GLOBAL_ACCENT_COLOR_NAME = AccentColor;
				CODE_SIGN_STYLE = Automatic;
				CURRENT_PROJECT_VERSION = 1;
				GENERATE_INFOPLIST_FILE = YES;
				INFOPLIST_FILE = ModularisationStarter/Info.plist;
				INFOPLIST_KEY_UIApplicationSupportsIndirectInputEvents = YES;
				INFOPLIST_KEY_UILaunchStoryboardName = LaunchScreen;
				INFOPLIST_KEY_UISupportedInterfaceOrientations_iPad = "UIInterfaceOrientationPortrait UIInterfaceOrientationPortraitUpsideDown UIInterfaceOrientationLandscapeLeft UIInterfaceOrientationLandscapeRight";
				INFOPLIST_KEY_UISupportedInterfaceOrientations_iPhone = "UIInterfaceOrientationPortrait UIInterfaceOrientationLandscapeLeft UIInterfaceOrientationLandscapeRight";
				IPHONEOS_DEPLOYMENT_TARGET = 15;
				LD_RUNPATH_SEARCH_PATHS = (
					"$(inherited)",
					"@executable_path/Frameworks",
				);
				MARKETING_VERSION = 1.0;
				PRODUCT_BUNDLE_IDENTIFIER = com.pun.ModularisationStarter;
				PRODUCT_NAME = "$(TARGET_NAME)";
				SWIFT_EMIT_LOC_STRINGS = YES;
				SWIFT_VERSION = 5.0;
				TARGETED_DEVICE_FAMILY = "1,2";
			};
			name = Release;
		};
/* End XCBuildConfiguration section */

/* Begin XCConfigurationList section */
		FBA9D0562B7B936A00FDF616 /* Build configuration list for PBXProject "ModularisationStarter" */ = {
			isa = XCConfigurationList;
			buildConfigurations = (
				FBA9D06D2B7B936E00FDF616 /* Debug */,
				FBA9D06E2B7B936E00FDF616 /* Release */,
			);
			defaultConfigurationIsVisible = 0;
			defaultConfigurationName = Release;
		};
		FBA9D06F2B7B936E00FDF616 /* Build configuration list for PBXNativeTarget "ModularisationStarter" */ = {
			isa = XCConfigurationList;
			buildConfigurations = (
				FBA9D0702B7B936E00FDF616 /* Debug */,
				FBA9D0712B7B936E00FDF616 /* Release */,
			);
			defaultConfigurationIsVisible = 0;
			defaultConfigurationName = Release;
		};
/* End XCConfigurationList section */

/* Begin XCLocalSwiftPackageReference section */
		9A30EC6D2EF8BD7A004FC815 /* XCLocalSwiftPackageReference "Packages/Analytics/AnalyticsInterface" */ = {
			isa = XCLocalSwiftPackageReference;
			relativePath = Packages/Analytics/AnalyticsInterface;
		};
		9A30EC6E2EF8BD7E004FC815 /* XCLocalSwiftPackageReference "Packages/Container" */ = {
			isa = XCLocalSwiftPackageReference;
			relativePath = Packages/Container;
		};
		9A30EC8C2EFA540C004FC815 /* XCLocalSwiftPackageReference "Packages/Analytics/Analytics" */ = {
			isa = XCLocalSwiftPackageReference;
			relativePath = Packages/Analytics/Analytics;
		};
		9A30EC9D2EFADD77004FC815 /* XCLocalSwiftPackageReference "Packages/CommonModels" */ = {
			isa = XCLocalSwiftPackageReference;
			relativePath = Packages/CommonModels;
		};
		9A30ECAA2EFAE2FD004FC815 /* XCLocalSwiftPackageReference "Packages/Utilities" */ = {
			isa = XCLocalSwiftPackageReference;
			relativePath = Packages/Utilities;
		};
		9A30ECBA2EFC2883004FC815 /* XCLocalSwiftPackageReference "Packages/Modules/ArtistDetail/ArtistDetail" */ = {
			isa = XCLocalSwiftPackageReference;
			relativePath = Packages/Modules/ArtistDetail/ArtistDetail;
		};
		9A3F4A4D2EFC2B2E0014A065 /* XCLocalSwiftPackageReference "Packages/Modules/ArtistDetailPluginAPI" */ = {
			isa = XCLocalSwiftPackageReference;
			relativePath = Packages/Modules/ArtistDetailPluginAPI;
		};
/* End XCLocalSwiftPackageReference section */

/* Begin XCSwiftPackageProductDependency section */
		9A30EC692EF8BD72004FC815 /* AnalyticsInterface */ = {
			isa = XCSwiftPackageProductDependency;
			package = 9A30EC6D2EF8BD7A004FC815 /* XCLocalSwiftPackageReference "Packages/Analytics/AnalyticsInterface" */;
			productName = AnalyticsInterface;
		};
		9A30EC6B2EF8BD76004FC815 /* Container */ = {
			isa = XCSwiftPackageProductDependency;
			package = 9A30EC6E2EF8BD7E004FC815 /* XCLocalSwiftPackageReference "Packages/Container" */;
			productName = Container;
		};
		9A30EC8A2EFA5408004FC815 /* Analytics */ = {
			isa = XCSwiftPackageProductDependency;
			package = 9A30EC8C2EFA540C004FC815 /* XCLocalSwiftPackageReference "Packages/Analytics/Analytics" */;
			productName = Analytics;
		};
		9A30EC9B2EFADD73004FC815 /* CommonModels */ = {
			isa = XCSwiftPackageProductDependency;
			package = 9A30EC9D2EFADD77004FC815 /* XCLocalSwiftPackageReference "Packages/CommonModels" */;
			productName = CommonModels;
		};
		9A30ECA82EFAE2F9004FC815 /* Utilities */ = {
			isa = XCSwiftPackageProductDependency;
			package = 9A30ECAA2EFAE2FD004FC815 /* XCLocalSwiftPackageReference "Packages/Utilities" */;
			productName = Utilities;
		};
		9A3F4A4B2EFC2AE80014A065 /* ArtistDetail */ = {
			isa = XCSwiftPackageProductDependency;
			package = 9A30ECBA2EFC2883004FC815 /* XCLocalSwiftPackageReference "Packages/Modules/ArtistDetail/ArtistDetail" */;
			productName = ArtistDetail;
		};
		9A86C0DA2EFC308F00C5634F /* ArtistDetailPluginAPI */ = {
			isa = XCSwiftPackageProductDependency;
			package = 9A3F4A4D2EFC2B2E0014A065 /* XCLocalSwiftPackageReference "Packages/Modules/ArtistDetailPluginAPI" */;
			productName = ArtistDetailPluginAPI;
		};
		9A86C0E12F00DB1000C5634F /* SongDetailInterface */ = {
			isa = XCSwiftPackageProductDependency;
			productName = SongDetailInterface;
		};
		9A86C0E42F00DCCB00C5634F /* SongDetails */ = {
			isa = XCSwiftPackageProductDependency;
			productName = SongDetails;
		};
		9A86C0E92F01477300C5634F /* Home */ = {
			isa = XCSwiftPackageProductDependency;
			productName = Home;
		};
/* End XCSwiftPackageProductDependency section */
	};
	rootObject = FBA9D0532B7B936A00FDF616 /* Project object */;
}
